
Microsoft Visual Studio Solution File, Format Version 12.00
# Visual Studio Version 17
VisualStudioVersion = 17.11.35327.3
MinimumVisualStudioVersion = 10.0.40219.1
Project("{2150E333-8FDC-42A3-9474-1A3956D46DE8}") = "FrontEnd", "FrontEnd", "{D7D307E9-124B-4CE2-A125-BE68354102CD}"
EndProject
Project("{2150E333-8FDC-42A3-9474-1A3956D46DE8}") = "Gateway", "Gateway", "{D9D0F8D6-B827-437B-91CA-358FF850BB37}"
EndProject
Project("{2150E333-8FDC-42A3-9474-1A3956D46DE8}") = "Integration", "Integration", "{1CBDED99-5112-4EFE-9DBB-C621088060D9}"
EndProject
Project("{2150E333-8FDC-42A3-9474-1A3956D46DE8}") = "Services", "Services", "{51646B02-D243-4F6F-8A46-1F006EEDCB51}"
EndProject
Project("{FAE04EC0-301F-11D3-BF4B-00C04F79EFBC}") = "Mango.Services.CouponAPI", "Mango.Services.Coupon.API\Mango.Services.CouponAPI.csproj", "{E8EE59A0-4D47-4BFB-8136-E7DA28C82D5B}"
EndProject
Project("{FAE04EC0-301F-11D3-BF4B-00C04F79EFBC}") = "Mango.Web", "Mango.Web\Mango.Web.csproj", "{9183B8D4-123E-4049-B96E-F3F3A81A2CC0}"
EndProject
Global
	GlobalSection(SolutionConfigurationPlatforms) = preSolution
		Debug|Any CPU = Debug|Any CPU
		Release|Any CPU = Release|Any CPU
	EndGlobalSection
	GlobalSection(ProjectConfigurationPlatforms) = postSolution
		{E8EE59A0-4D47-4BFB-8136-E7DA28C82D5B}.Debug|Any CPU.ActiveCfg = Debug|Any CPU
		{E8EE59A0-4D47-4BFB-8136-E7DA28C82D5B}.Debug|Any CPU.Build.0 = Debug|Any CPU
		{E8EE59A0-4D47-4BFB-8136-E7DA28C82D5B}.Release|Any CPU.ActiveCfg = Release|Any CPU
		{E8EE59A0-4D47-4BFB-8136-E7DA28C82D5B}.Release|Any CPU.Build.0 = Release|Any CPU
		{9183B8D4-123E-4049-B96E-F3F3A81A2CC0}.Debug|Any CPU.ActiveCfg = Debug|Any CPU
		{9183B8D4-123E-4049-B96E-F3F3A81A2CC0}.Debug|Any CPU.Build.0 = Debug|Any CPU
		{9183B8D4-123E-4049-B96E-F3F3A81A2CC0}.Release|Any CPU.ActiveCfg = Release|Any CPU
		{9183B8D4-123E-4049-B96E-F3F3A81A2CC0}.Release|Any CPU.Build.0 = Release|Any CPU
	EndGlobalSection
	GlobalSection(SolutionProperties) = preSolution
		HideSolutionNode = FALSE
	EndGlobalSection
	GlobalSection(NestedProjects) = preSolution
		{E8EE59A0-4D47-4BFB-8136-E7DA28C82D5B} = {51646B02-D243-4F6F-8A46-1F006EEDCB51}
		{9183B8D4-123E-4049-B96E-F3F3A81A2CC0} = {D7D307E9-124B-4CE2-A125-BE68354102CD}
	EndGlobalSection
	GlobalSection(ExtensibilityGlobals) = postSolution
		SolutionGuid = {12938279-2F0D-4079-8646-BDBBCCCB5D4F}
	EndGlobalSection
EndGlobal
